
Microsoft Visual Studio Solution File, Format Version 12.00
# Visual Studio 15
VisualStudioVersion = 15.0.26124.0
MinimumVisualStudioVersion = 15.0.26124.0
Project("{FAE04EC0-301F-11D3-BF4B-00C04F79EFBC}") = "R5T.D0033.Construction", "R5T.D0033.Construction\R5T.D0033.Construction.csproj", "{2A3F5CE3-915E-47F1-ACE0-8A553ABA596F}"
EndProject
Project("{FAE04EC0-301F-11D3-BF4B-00C04F79EFBC}") = "R5T.D0033", "R5T.D0033\R5T.D0033.csproj", "{C85744F4-CC3F-4306-ACF1-67DB9BD591CB}"
EndProject
Global
	GlobalSection(SolutionConfigurationPlatforms) = preSolution
		Debug|Any CPU = Debug|Any CPU
		Debug|x64 = Debug|x64
		Debug|x86 = Debug|x86
		Release|Any CPU = Release|Any CPU
		Release|x64 = Release|x64
		Release|x86 = Release|x86
	EndGlobalSection
	GlobalSection(SolutionProperties) = preSolution
		HideSolutionNode = FALSE
	EndGlobalSection
	GlobalSection(ProjectConfigurationPlatforms) = postSolution
		{2A3F5CE3-915E-47F1-ACE0-8A553ABA596F}.Debug|Any CPU.ActiveCfg = Debug|Any CPU
		{2A3F5CE3-915E-47F1-ACE0-8A553ABA596F}.Debug|Any CPU.Build.0 = Debug|Any CPU
		{2A3F5CE3-915E-47F1-ACE0-8A553ABA596F}.Debug|x64.ActiveCfg = Debug|Any CPU
		{2A3F5CE3-915E-47F1-ACE0-8A553ABA596F}.Debug|x64.Build.0 = Debug|Any CPU
		{2A3F5CE3-915E-47F1-ACE0-8A553ABA596F}.Debug|x86.ActiveCfg = Debug|Any CPU
		{2A3F5CE3-915E-47F1-ACE0-8A553ABA596F}.Debug|x86.Build.0 = Debug|Any CPU
		{2A3F5CE3-915E-47F1-ACE0-8A553ABA596F}.Release|Any CPU.ActiveCfg = Release|Any CPU
		{2A3F5CE3-915E-47F1-ACE0-8A553ABA596F}.Release|Any CPU.Build.0 = Release|Any CPU
		{2A3F5CE3-915E-47F1-ACE0-8A553ABA596F}.Release|x64.ActiveCfg = Release|Any CPU
		{2A3F5CE3-915E-47F1-ACE0-8A553ABA596F}.Release|x64.Build.0 = Release|Any CPU
		{2A3F5CE3-915E-47F1-ACE0-8A553ABA596F}.Release|x86.ActiveCfg = Release|Any CPU
		{2A3F5CE3-915E-47F1-ACE0-8A553ABA596F}.Release|x86.Build.0 = Release|Any CPU
		{C85744F4-CC3F-4306-ACF1-67DB9BD591CB}.Debug|Any CPU.ActiveCfg = Debug|Any CPU
		{C85744F4-CC3F-4306-ACF1-67DB9BD591CB}.Debug|Any CPU.Build.0 = Debug|Any CPU
		{C85744F4-CC3F-4306-ACF1-67DB9BD591CB}.Debug|x64.ActiveCfg = Debug|Any CPU
		{C85744F4-CC3F-4306-ACF1-67DB9BD591CB}.Debug|x64.Build.0 = Debug|Any CPU
		{C85744F4-CC3F-4306-ACF1-67DB9BD591CB}.Debug|x86.ActiveCfg = Debug|Any CPU
		{C85744F4-CC3F-4306-ACF1-67DB9BD591CB}.Debug|x86.Build.0 = Debug|Any CPU
		{C85744F4-CC3F-4306-ACF1-67DB9BD591CB}.Release|Any CPU.ActiveCfg = Release|Any CPU
		{C85744F4-CC3F-4306-ACF1-67DB9BD591CB}.Release|Any CPU.Build.0 = Release|Any CPU
		{C85744F4-CC3F-4306-ACF1-67DB9BD591CB}.Release|x64.ActiveCfg = Release|Any CPU
		{C85744F4-CC3F-4306-ACF1-67DB9BD591CB}.Release|x64.Build.0 = Release|Any CPU
		{C85744F4-CC3F-4306-ACF1-67DB9BD591CB}.Release|x86.ActiveCfg = Release|Any CPU
		{C85744F4-CC3F-4306-ACF1-67DB9BD591CB}.Release|x86.Build.0 = Release|Any CPU
	EndGlobalSection
EndGlobal
