
Microsoft Visual Studio Solution File, Format Version 12.00
# Visual Studio 15
VisualStudioVersion = 15.0.26124.0
MinimumVisualStudioVersion = 15.0.26124.0
Project("{9A19103F-16F7-4668-BE54-9A1E7A4F7556}") = "R5T.D0033.Construction", "R5T.D0033.Construction\R5T.D0033.Construction.csproj", "{2A3F5CE3-915E-47F1-ACE0-8A553ABA596F}"
EndProject
Project("{9A19103F-16F7-4668-BE54-9A1E7A4F7556}") = "R5T.D0033", "R5T.D0033\R5T.D0033.csproj", "{C85744F4-CC3F-4306-ACF1-67DB9BD591CB}"
EndProject
Project("{9A19103F-16F7-4668-BE54-9A1E7A4F7556}") = "R5T.D0033.Base", "R5T.D0033.Base\R5T.D0033.Base.csproj", "{D950E60E-326D-4786-AB57-575F0B1DB05B}"
EndProject
Project("{9A19103F-16F7-4668-BE54-9A1E7A4F7556}") = "R5T.D0033.Default", "R5T.D0033.Default\R5T.D0033.Default.csproj", "{4419D36C-294E-4C72-8756-D7308D7AA8DE}"
EndProject
Project("{9A19103F-16F7-4668-BE54-9A1E7A4F7556}") = "R5T.D0033.Standard", "R5T.D0033.Standard\R5T.D0033.Standard.csproj", "{0A11A018-E6BB-45B0-ABDF-45FF082D00CE}"
EndProject
Project("{2150E333-8FDC-42A3-9474-1A3956D46DE8}") = "_Dependencies", "_Dependencies", "{2DA497C7-4EA6-43F1-8695-48D92F3655C0}"
EndProject
Project("{9A19103F-16F7-4668-BE54-9A1E7A4F7556}") = "R5T.T0009", "..\..\R5T.T0009\source\R5T.T0009\R5T.T0009.csproj", "{FD214BE5-AAF7-4690-A87F-E6C6CF12D6C0}"
EndProject
Project("{9A19103F-16F7-4668-BE54-9A1E7A4F7556}") = "R5T.Dacia.Extensions", "..\..\R5T.Dacia.Extensions\source\R5T.Dacia.Extensions\R5T.Dacia.Extensions.csproj", "{BA17FD83-9BC6-4931-B858-3BBFB5E6CD33}"
EndProject
Project("{9A19103F-16F7-4668-BE54-9A1E7A4F7556}") = "R5T.D0032.Default", "..\..\R5T.D0032\source\R5T.D0032.Default\R5T.D0032.Default.csproj", "{A71E6D80-8B08-44F5-8C8F-293FA27226F5}"
EndProject
Project("{9A19103F-16F7-4668-BE54-9A1E7A4F7556}") = "R5T.Stagira", "..\..\R5T.Stagira\source\R5T.Stagira\R5T.Stagira.csproj", "{2A73E3B9-F5A6-4A28-AF91-77F5A647EE9A}"
EndProject
Project("{9A19103F-16F7-4668-BE54-9A1E7A4F7556}") = "R5T.Dacia", "..\..\R5T.Dacia\source\R5T.Dacia\R5T.Dacia.csproj", "{F207B1C3-7DEB-4C3C-B6FF-8DFEB74AA1F7}"
EndProject
Project("{9A19103F-16F7-4668-BE54-9A1E7A4F7556}") = "R5T.D0032.Base", "..\..\R5T.D0032\source\R5T.D0032.Base\R5T.D0032.Base.csproj", "{472A91C1-8C2B-4686-A81B-995DC29C1434}"
EndProject
Global
	GlobalSection(SolutionConfigurationPlatforms) = preSolution
		Debug|Any CPU = Debug|Any CPU
		Debug|x64 = Debug|x64
		Debug|x86 = Debug|x86
		Release|Any CPU = Release|Any CPU
		Release|x64 = Release|x64
		Release|x86 = Release|x86
	EndGlobalSection
	GlobalSection(ProjectConfigurationPlatforms) = postSolution
		{2A3F5CE3-915E-47F1-ACE0-8A553ABA596F}.Debug|Any CPU.ActiveCfg = Debug|Any CPU
		{2A3F5CE3-915E-47F1-ACE0-8A553ABA596F}.Debug|Any CPU.Build.0 = Debug|Any CPU
		{2A3F5CE3-915E-47F1-ACE0-8A553ABA596F}.Debug|x64.ActiveCfg = Debug|Any CPU
		{2A3F5CE3-915E-47F1-ACE0-8A553ABA596F}.Debug|x64.Build.0 = Debug|Any CPU
		{2A3F5CE3-915E-47F1-ACE0-8A553ABA596F}.Debug|x86.ActiveCfg = Debug|Any CPU
		{2A3F5CE3-915E-47F1-ACE0-8A553ABA596F}.Debug|x86.Build.0 = Debug|Any CPU
		{2A3F5CE3-915E-47F1-ACE0-8A553ABA596F}.Release|Any CPU.ActiveCfg = Release|Any CPU
		{2A3F5CE3-915E-47F1-ACE0-8A553ABA596F}.Release|Any CPU.Build.0 = Release|Any CPU
		{2A3F5CE3-915E-47F1-ACE0-8A553ABA596F}.Release|x64.ActiveCfg = Release|Any CPU
		{2A3F5CE3-915E-47F1-ACE0-8A553ABA596F}.Release|x64.Build.0 = Release|Any CPU
		{2A3F5CE3-915E-47F1-ACE0-8A553ABA596F}.Release|x86.ActiveCfg = Release|Any CPU
		{2A3F5CE3-915E-47F1-ACE0-8A553ABA596F}.Release|x86.Build.0 = Release|Any CPU
		{C85744F4-CC3F-4306-ACF1-67DB9BD591CB}.Debug|Any CPU.ActiveCfg = Debug|Any CPU
		{C85744F4-CC3F-4306-ACF1-67DB9BD591CB}.Debug|Any CPU.Build.0 = Debug|Any CPU
		{C85744F4-CC3F-4306-ACF1-67DB9BD591CB}.Debug|x64.ActiveCfg = Debug|Any CPU
		{C85744F4-CC3F-4306-ACF1-67DB9BD591CB}.Debug|x64.Build.0 = Debug|Any CPU
		{C85744F4-CC3F-4306-ACF1-67DB9BD591CB}.Debug|x86.ActiveCfg = Debug|Any CPU
		{C85744F4-CC3F-4306-ACF1-67DB9BD591CB}.Debug|x86.Build.0 = Debug|Any CPU
		{C85744F4-CC3F-4306-ACF1-67DB9BD591CB}.Release|Any CPU.ActiveCfg = Release|Any CPU
		{C85744F4-CC3F-4306-ACF1-67DB9BD591CB}.Release|Any CPU.Build.0 = Release|Any CPU
		{C85744F4-CC3F-4306-ACF1-67DB9BD591CB}.Release|x64.ActiveCfg = Release|Any CPU
		{C85744F4-CC3F-4306-ACF1-67DB9BD591CB}.Release|x64.Build.0 = Release|Any CPU
		{C85744F4-CC3F-4306-ACF1-67DB9BD591CB}.Release|x86.ActiveCfg = Release|Any CPU
		{C85744F4-CC3F-4306-ACF1-67DB9BD591CB}.Release|x86.Build.0 = Release|Any CPU
		{D950E60E-326D-4786-AB57-575F0B1DB05B}.Debug|Any CPU.ActiveCfg = Debug|Any CPU
		{D950E60E-326D-4786-AB57-575F0B1DB05B}.Debug|Any CPU.Build.0 = Debug|Any CPU
		{D950E60E-326D-4786-AB57-575F0B1DB05B}.Debug|x64.ActiveCfg = Debug|Any CPU
		{D950E60E-326D-4786-AB57-575F0B1DB05B}.Debug|x64.Build.0 = Debug|Any CPU
		{D950E60E-326D-4786-AB57-575F0B1DB05B}.Debug|x86.ActiveCfg = Debug|Any CPU
		{D950E60E-326D-4786-AB57-575F0B1DB05B}.Debug|x86.Build.0 = Debug|Any CPU
		{D950E60E-326D-4786-AB57-575F0B1DB05B}.Release|Any CPU.ActiveCfg = Release|Any CPU
		{D950E60E-326D-4786-AB57-575F0B1DB05B}.Release|Any CPU.Build.0 = Release|Any CPU
		{D950E60E-326D-4786-AB57-575F0B1DB05B}.Release|x64.ActiveCfg = Release|Any CPU
		{D950E60E-326D-4786-AB57-575F0B1DB05B}.Release|x64.Build.0 = Release|Any CPU
		{D950E60E-326D-4786-AB57-575F0B1DB05B}.Release|x86.ActiveCfg = Release|Any CPU
		{D950E60E-326D-4786-AB57-575F0B1DB05B}.Release|x86.Build.0 = Release|Any CPU
		{4419D36C-294E-4C72-8756-D7308D7AA8DE}.Debug|Any CPU.ActiveCfg = Debug|Any CPU
		{4419D36C-294E-4C72-8756-D7308D7AA8DE}.Debug|Any CPU.Build.0 = Debug|Any CPU
		{4419D36C-294E-4C72-8756-D7308D7AA8DE}.Debug|x64.ActiveCfg = Debug|Any CPU
		{4419D36C-294E-4C72-8756-D7308D7AA8DE}.Debug|x64.Build.0 = Debug|Any CPU
		{4419D36C-294E-4C72-8756-D7308D7AA8DE}.Debug|x86.ActiveCfg = Debug|Any CPU
		{4419D36C-294E-4C72-8756-D7308D7AA8DE}.Debug|x86.Build.0 = Debug|Any CPU
		{4419D36C-294E-4C72-8756-D7308D7AA8DE}.Release|Any CPU.ActiveCfg = Release|Any CPU
		{4419D36C-294E-4C72-8756-D7308D7AA8DE}.Release|Any CPU.Build.0 = Release|Any CPU
		{4419D36C-294E-4C72-8756-D7308D7AA8DE}.Release|x64.ActiveCfg = Release|Any CPU
		{4419D36C-294E-4C72-8756-D7308D7AA8DE}.Release|x64.Build.0 = Release|Any CPU
		{4419D36C-294E-4C72-8756-D7308D7AA8DE}.Release|x86.ActiveCfg = Release|Any CPU
		{4419D36C-294E-4C72-8756-D7308D7AA8DE}.Release|x86.Build.0 = Release|Any CPU
		{0A11A018-E6BB-45B0-ABDF-45FF082D00CE}.Debug|Any CPU.ActiveCfg = Debug|Any CPU
		{0A11A018-E6BB-45B0-ABDF-45FF082D00CE}.Debug|Any CPU.Build.0 = Debug|Any CPU
		{0A11A018-E6BB-45B0-ABDF-45FF082D00CE}.Debug|x64.ActiveCfg = Debug|Any CPU
		{0A11A018-E6BB-45B0-ABDF-45FF082D00CE}.Debug|x64.Build.0 = Debug|Any CPU
		{0A11A018-E6BB-45B0-ABDF-45FF082D00CE}.Debug|x86.ActiveCfg = Debug|Any CPU
		{0A11A018-E6BB-45B0-ABDF-45FF082D00CE}.Debug|x86.Build.0 = Debug|Any CPU
		{0A11A018-E6BB-45B0-ABDF-45FF082D00CE}.Release|Any CPU.ActiveCfg = Release|Any CPU
		{0A11A018-E6BB-45B0-ABDF-45FF082D00CE}.Release|Any CPU.Build.0 = Release|Any CPU
		{0A11A018-E6BB-45B0-ABDF-45FF082D00CE}.Release|x64.ActiveCfg = Release|Any CPU
		{0A11A018-E6BB-45B0-ABDF-45FF082D00CE}.Release|x64.Build.0 = Release|Any CPU
		{0A11A018-E6BB-45B0-ABDF-45FF082D00CE}.Release|x86.ActiveCfg = Release|Any CPU
		{0A11A018-E6BB-45B0-ABDF-45FF082D00CE}.Release|x86.Build.0 = Release|Any CPU
		{FD214BE5-AAF7-4690-A87F-E6C6CF12D6C0}.Debug|Any CPU.ActiveCfg = Debug|Any CPU
		{FD214BE5-AAF7-4690-A87F-E6C6CF12D6C0}.Debug|Any CPU.Build.0 = Debug|Any CPU
		{FD214BE5-AAF7-4690-A87F-E6C6CF12D6C0}.Debug|x64.ActiveCfg = Debug|Any CPU
		{FD214BE5-AAF7-4690-A87F-E6C6CF12D6C0}.Debug|x64.Build.0 = Debug|Any CPU
		{FD214BE5-AAF7-4690-A87F-E6C6CF12D6C0}.Debug|x86.ActiveCfg = Debug|Any CPU
		{FD214BE5-AAF7-4690-A87F-E6C6CF12D6C0}.Debug|x86.Build.0 = Debug|Any CPU
		{FD214BE5-AAF7-4690-A87F-E6C6CF12D6C0}.Release|Any CPU.ActiveCfg = Release|Any CPU
		{FD214BE5-AAF7-4690-A87F-E6C6CF12D6C0}.Release|Any CPU.Build.0 = Release|Any CPU
		{FD214BE5-AAF7-4690-A87F-E6C6CF12D6C0}.Release|x64.ActiveCfg = Release|Any CPU
		{FD214BE5-AAF7-4690-A87F-E6C6CF12D6C0}.Release|x64.Build.0 = Release|Any CPU
		{FD214BE5-AAF7-4690-A87F-E6C6CF12D6C0}.Release|x86.ActiveCfg = Release|Any CPU
		{FD214BE5-AAF7-4690-A87F-E6C6CF12D6C0}.Release|x86.Build.0 = Release|Any CPU
		{BA17FD83-9BC6-4931-B858-3BBFB5E6CD33}.Debug|Any CPU.ActiveCfg = Debug|Any CPU
		{BA17FD83-9BC6-4931-B858-3BBFB5E6CD33}.Debug|Any CPU.Build.0 = Debug|Any CPU
		{BA17FD83-9BC6-4931-B858-3BBFB5E6CD33}.Debug|x64.ActiveCfg = Debug|Any CPU
		{BA17FD83-9BC6-4931-B858-3BBFB5E6CD33}.Debug|x64.Build.0 = Debug|Any CPU
		{BA17FD83-9BC6-4931-B858-3BBFB5E6CD33}.Debug|x86.ActiveCfg = Debug|Any CPU
		{BA17FD83-9BC6-4931-B858-3BBFB5E6CD33}.Debug|x86.Build.0 = Debug|Any CPU
		{BA17FD83-9BC6-4931-B858-3BBFB5E6CD33}.Release|Any CPU.ActiveCfg = Release|Any CPU
		{BA17FD83-9BC6-4931-B858-3BBFB5E6CD33}.Release|Any CPU.Build.0 = Release|Any CPU
		{BA17FD83-9BC6-4931-B858-3BBFB5E6CD33}.Release|x64.ActiveCfg = Release|Any CPU
		{BA17FD83-9BC6-4931-B858-3BBFB5E6CD33}.Release|x64.Build.0 = Release|Any CPU
		{BA17FD83-9BC6-4931-B858-3BBFB5E6CD33}.Release|x86.ActiveCfg = Release|Any CPU
		{BA17FD83-9BC6-4931-B858-3BBFB5E6CD33}.Release|x86.Build.0 = Release|Any CPU
		{A71E6D80-8B08-44F5-8C8F-293FA27226F5}.Debug|Any CPU.ActiveCfg = Debug|Any CPU
		{A71E6D80-8B08-44F5-8C8F-293FA27226F5}.Debug|Any CPU.Build.0 = Debug|Any CPU
		{A71E6D80-8B08-44F5-8C8F-293FA27226F5}.Debug|x64.ActiveCfg = Debug|Any CPU
		{A71E6D80-8B08-44F5-8C8F-293FA27226F5}.Debug|x64.Build.0 = Debug|Any CPU
		{A71E6D80-8B08-44F5-8C8F-293FA27226F5}.Debug|x86.ActiveCfg = Debug|Any CPU
		{A71E6D80-8B08-44F5-8C8F-293FA27226F5}.Debug|x86.Build.0 = Debug|Any CPU
		{A71E6D80-8B08-44F5-8C8F-293FA27226F5}.Release|Any CPU.ActiveCfg = Release|Any CPU
		{A71E6D80-8B08-44F5-8C8F-293FA27226F5}.Release|Any CPU.Build.0 = Release|Any CPU
		{A71E6D80-8B08-44F5-8C8F-293FA27226F5}.Release|x64.ActiveCfg = Release|Any CPU
		{A71E6D80-8B08-44F5-8C8F-293FA27226F5}.Release|x64.Build.0 = Release|Any CPU
		{A71E6D80-8B08-44F5-8C8F-293FA27226F5}.Release|x86.ActiveCfg = Release|Any CPU
		{A71E6D80-8B08-44F5-8C8F-293FA27226F5}.Release|x86.Build.0 = Release|Any CPU
		{2A73E3B9-F5A6-4A28-AF91-77F5A647EE9A}.Debug|Any CPU.ActiveCfg = Debug|Any CPU
		{2A73E3B9-F5A6-4A28-AF91-77F5A647EE9A}.Debug|Any CPU.Build.0 = Debug|Any CPU
		{2A73E3B9-F5A6-4A28-AF91-77F5A647EE9A}.Debug|x64.ActiveCfg = Debug|Any CPU
		{2A73E3B9-F5A6-4A28-AF91-77F5A647EE9A}.Debug|x64.Build.0 = Debug|Any CPU
		{2A73E3B9-F5A6-4A28-AF91-77F5A647EE9A}.Debug|x86.ActiveCfg = Debug|Any CPU
		{2A73E3B9-F5A6-4A28-AF91-77F5A647EE9A}.Debug|x86.Build.0 = Debug|Any CPU
		{2A73E3B9-F5A6-4A28-AF91-77F5A647EE9A}.Release|Any CPU.ActiveCfg = Release|Any CPU
		{2A73E3B9-F5A6-4A28-AF91-77F5A647EE9A}.Release|Any CPU.Build.0 = Release|Any CPU
		{2A73E3B9-F5A6-4A28-AF91-77F5A647EE9A}.Release|x64.ActiveCfg = Release|Any CPU
		{2A73E3B9-F5A6-4A28-AF91-77F5A647EE9A}.Release|x64.Build.0 = Release|Any CPU
		{2A73E3B9-F5A6-4A28-AF91-77F5A647EE9A}.Release|x86.ActiveCfg = Release|Any CPU
		{2A73E3B9-F5A6-4A28-AF91-77F5A647EE9A}.Release|x86.Build.0 = Release|Any CPU
		{F207B1C3-7DEB-4C3C-B6FF-8DFEB74AA1F7}.Debug|Any CPU.ActiveCfg = Debug|Any CPU
		{F207B1C3-7DEB-4C3C-B6FF-8DFEB74AA1F7}.Debug|Any CPU.Build.0 = Debug|Any CPU
		{F207B1C3-7DEB-4C3C-B6FF-8DFEB74AA1F7}.Debug|x64.ActiveCfg = Debug|Any CPU
		{F207B1C3-7DEB-4C3C-B6FF-8DFEB74AA1F7}.Debug|x64.Build.0 = Debug|Any CPU
		{F207B1C3-7DEB-4C3C-B6FF-8DFEB74AA1F7}.Debug|x86.ActiveCfg = Debug|Any CPU
		{F207B1C3-7DEB-4C3C-B6FF-8DFEB74AA1F7}.Debug|x86.Build.0 = Debug|Any CPU
		{F207B1C3-7DEB-4C3C-B6FF-8DFEB74AA1F7}.Release|Any CPU.ActiveCfg = Release|Any CPU
		{F207B1C3-7DEB-4C3C-B6FF-8DFEB74AA1F7}.Release|Any CPU.Build.0 = Release|Any CPU
		{F207B1C3-7DEB-4C3C-B6FF-8DFEB74AA1F7}.Release|x64.ActiveCfg = Release|Any CPU
		{F207B1C3-7DEB-4C3C-B6FF-8DFEB74AA1F7}.Release|x64.Build.0 = Release|Any CPU
		{F207B1C3-7DEB-4C3C-B6FF-8DFEB74AA1F7}.Release|x86.ActiveCfg = Release|Any CPU
		{F207B1C3-7DEB-4C3C-B6FF-8DFEB74AA1F7}.Release|x86.Build.0 = Release|Any CPU
		{472A91C1-8C2B-4686-A81B-995DC29C1434}.Debug|Any CPU.ActiveCfg = Debug|Any CPU
		{472A91C1-8C2B-4686-A81B-995DC29C1434}.Debug|Any CPU.Build.0 = Debug|Any CPU
		{472A91C1-8C2B-4686-A81B-995DC29C1434}.Debug|x64.ActiveCfg = Debug|Any CPU
		{472A91C1-8C2B-4686-A81B-995DC29C1434}.Debug|x64.Build.0 = Debug|Any CPU
		{472A91C1-8C2B-4686-A81B-995DC29C1434}.Debug|x86.ActiveCfg = Debug|Any CPU
		{472A91C1-8C2B-4686-A81B-995DC29C1434}.Debug|x86.Build.0 = Debug|Any CPU
		{472A91C1-8C2B-4686-A81B-995DC29C1434}.Release|Any CPU.ActiveCfg = Release|Any CPU
		{472A91C1-8C2B-4686-A81B-995DC29C1434}.Release|Any CPU.Build.0 = Release|Any CPU
		{472A91C1-8C2B-4686-A81B-995DC29C1434}.Release|x64.ActiveCfg = Release|Any CPU
		{472A91C1-8C2B-4686-A81B-995DC29C1434}.Release|x64.Build.0 = Release|Any CPU
		{472A91C1-8C2B-4686-A81B-995DC29C1434}.Release|x86.ActiveCfg = Release|Any CPU
		{472A91C1-8C2B-4686-A81B-995DC29C1434}.Release|x86.Build.0 = Release|Any CPU
	EndGlobalSection
	GlobalSection(SolutionProperties) = preSolution
		HideSolutionNode = FALSE
	EndGlobalSection
	GlobalSection(NestedProjects) = preSolution
		{FD214BE5-AAF7-4690-A87F-E6C6CF12D6C0} = {2DA497C7-4EA6-43F1-8695-48D92F3655C0}
		{BA17FD83-9BC6-4931-B858-3BBFB5E6CD33} = {2DA497C7-4EA6-43F1-8695-48D92F3655C0}
		{A71E6D80-8B08-44F5-8C8F-293FA27226F5} = {2DA497C7-4EA6-43F1-8695-48D92F3655C0}
		{2A73E3B9-F5A6-4A28-AF91-77F5A647EE9A} = {2DA497C7-4EA6-43F1-8695-48D92F3655C0}
		{F207B1C3-7DEB-4C3C-B6FF-8DFEB74AA1F7} = {2DA497C7-4EA6-43F1-8695-48D92F3655C0}
		{472A91C1-8C2B-4686-A81B-995DC29C1434} = {2DA497C7-4EA6-43F1-8695-48D92F3655C0}
	EndGlobalSection
	GlobalSection(ExtensibilityGlobals) = postSolution
		SolutionGuid = {643B5C8E-8479-4C0F-A6D9-3FB2AD710AF7}
	EndGlobalSection
EndGlobal
